
Microsoft Visual Studio Solution File, Format Version 12.00
# Visual Studio 15
VisualStudioVersion = 15.0.28307.572
MinimumVisualStudioVersion = 10.0.40219.1
Project("{FAE04EC0-301F-11D3-BF4B-00C04F79EFBC}") = "parcial2ejerc3serv", "parcial2ejerc3serv\parcial2ejerc3serv.csproj", "{A95AB3AD-42F4-4497-86FA-02E917ABCBC0}"
EndProject
Global
	GlobalSection(SolutionConfigurationPlatforms) = preSolution
		Debug|Any CPU = Debug|Any CPU
		Release|Any CPU = Release|Any CPU
	EndGlobalSection
	GlobalSection(ProjectConfigurationPlatforms) = postSolution
		{A95AB3AD-42F4-4497-86FA-02E917ABCBC0}.Debug|Any CPU.ActiveCfg = Debug|Any CPU
		{A95AB3AD-42F4-4497-86FA-02E917ABCBC0}.Debug|Any CPU.Build.0 = Debug|Any CPU
		{A95AB3AD-42F4-4497-86FA-02E917ABCBC0}.Release|Any CPU.ActiveCfg = Release|Any CPU
		{A95AB3AD-42F4-4497-86FA-02E917ABCBC0}.Release|Any CPU.Build.0 = Release|Any CPU
	EndGlobalSection
	GlobalSection(SolutionProperties) = preSolution
		HideSolutionNode = FALSE
	EndGlobalSection
	GlobalSection(ExtensibilityGlobals) = postSolution
		SolutionGuid = {709E958C-B15B-44DC-AC21-34F952426E12}
	EndGlobalSection
EndGlobal
