
Microsoft Visual Studio Solution File, Format Version 12.00
# Visual Studio 15
VisualStudioVersion = 15.0.28307.329
MinimumVisualStudioVersion = 10.0.40219.1
Project("{FAE04EC0-301F-11D3-BF4B-00C04F79EFBC}") = "ejeventos", "ejeventos\ejeventos.csproj", "{2023B89E-3CAE-4653-AAA5-80779F2E220E}"
EndProject
Global
	GlobalSection(SolutionConfigurationPlatforms) = preSolution
		Debug|Any CPU = Debug|Any CPU
		Release|Any CPU = Release|Any CPU
	EndGlobalSection
	GlobalSection(ProjectConfigurationPlatforms) = postSolution
		{2023B89E-3CAE-4653-AAA5-80779F2E220E}.Debug|Any CPU.ActiveCfg = Debug|Any CPU
		{2023B89E-3CAE-4653-AAA5-80779F2E220E}.Debug|Any CPU.Build.0 = Debug|Any CPU
		{2023B89E-3CAE-4653-AAA5-80779F2E220E}.Release|Any CPU.ActiveCfg = Release|Any CPU
		{2023B89E-3CAE-4653-AAA5-80779F2E220E}.Release|Any CPU.Build.0 = Release|Any CPU
	EndGlobalSection
	GlobalSection(SolutionProperties) = preSolution
		HideSolutionNode = FALSE
	EndGlobalSection
	GlobalSection(ExtensibilityGlobals) = postSolution
		SolutionGuid = {AFA0824C-F06D-436F-B7AA-C164460210B1}
	EndGlobalSection
EndGlobal
