
Microsoft Visual Studio Solution File, Format Version 12.00
# Visual Studio 15
VisualStudioVersion = 15.0.28307.329
MinimumVisualStudioVersion = 10.0.40219.1
Project("{FAE04EC0-301F-11D3-BF4B-00C04F79EFBC}") = "parcialej2", "parcialej2\parcialej2.csproj", "{45AA3DC0-21DC-43A3-A884-F87B6CB0A5F4}"
EndProject
Global
	GlobalSection(SolutionConfigurationPlatforms) = preSolution
		Debug|Any CPU = Debug|Any CPU
		Release|Any CPU = Release|Any CPU
	EndGlobalSection
	GlobalSection(ProjectConfigurationPlatforms) = postSolution
		{45AA3DC0-21DC-43A3-A884-F87B6CB0A5F4}.Debug|Any CPU.ActiveCfg = Debug|Any CPU
		{45AA3DC0-21DC-43A3-A884-F87B6CB0A5F4}.Debug|Any CPU.Build.0 = Debug|Any CPU
		{45AA3DC0-21DC-43A3-A884-F87B6CB0A5F4}.Release|Any CPU.ActiveCfg = Release|Any CPU
		{45AA3DC0-21DC-43A3-A884-F87B6CB0A5F4}.Release|Any CPU.Build.0 = Release|Any CPU
	EndGlobalSection
	GlobalSection(SolutionProperties) = preSolution
		HideSolutionNode = FALSE
	EndGlobalSection
	GlobalSection(ExtensibilityGlobals) = postSolution
		SolutionGuid = {EE1DC9CE-5972-4CCA-B985-CF53F60AE985}
	EndGlobalSection
EndGlobal
