
Microsoft Visual Studio Solution File, Format Version 12.00
# Visual Studio 15
VisualStudioVersion = 15.0.28307.329
MinimumVisualStudioVersion = 10.0.40219.1
Project("{FAE04EC0-301F-11D3-BF4B-00C04F79EFBC}") = "clasep", "clasep\clasep.csproj", "{6E505F67-8335-4AF2-88E7-DB148654BB16}"
EndProject
Global
	GlobalSection(SolutionConfigurationPlatforms) = preSolution
		Debug|Any CPU = Debug|Any CPU
		Release|Any CPU = Release|Any CPU
	EndGlobalSection
	GlobalSection(ProjectConfigurationPlatforms) = postSolution
		{6E505F67-8335-4AF2-88E7-DB148654BB16}.Debug|Any CPU.ActiveCfg = Debug|Any CPU
		{6E505F67-8335-4AF2-88E7-DB148654BB16}.Debug|Any CPU.Build.0 = Debug|Any CPU
		{6E505F67-8335-4AF2-88E7-DB148654BB16}.Release|Any CPU.ActiveCfg = Release|Any CPU
		{6E505F67-8335-4AF2-88E7-DB148654BB16}.Release|Any CPU.Build.0 = Release|Any CPU
	EndGlobalSection
	GlobalSection(SolutionProperties) = preSolution
		HideSolutionNode = FALSE
	EndGlobalSection
	GlobalSection(ExtensibilityGlobals) = postSolution
		SolutionGuid = {0ACE7C5E-3813-40FB-9411-2AB7F24E526A}
	EndGlobalSection
EndGlobal
